
Microsoft Visual Studio Solution File, Format Version 12.00
Project("{FAE04EC0-301F-11D3-BF4B-00C04F79EFBC}") = "Pineapple.React", "Pineapple.React\Pineapple.React.csproj", "{7415254B-8957-466C-807F-549B8AADDE4A}"
EndProject
Project("{2150E333-8FDC-42A3-9474-1A3956D46DE8}") = "Solution Items", "Solution Items", "{5E0382AF-09BA-4591-8732-2C39D5FCD3A2}"
ProjectSection(SolutionItems) = preProject
	.editorconfig = .editorconfig
	README.md = README.md
	.gitattributes = .gitattributes
EndProjectSection
EndProject
Project("{FAE04EC0-301F-11D3-BF4B-00C04F79EFBC}") = "Pineapple.Domain", "Pineapple.Domain\Pineapple.Domain.csproj", "{603B9462-86D7-4C95-8519-FB30781D6044}"
EndProject
Project("{FAE04EC0-301F-11D3-BF4B-00C04F79EFBC}") = "Pineapple.Infrastructure.DataAccess.Git", "Pineapple.Infrastructure.DataAccess.Git\Pineapple.Infrastructure.DataAccess.Git.csproj", "{B1FCE401-140B-4D1B-9D7F-C68A2B9231FF}"
EndProject
Project("{2150E333-8FDC-42A3-9474-1A3956D46DE8}") = "src", "src", "{F841A5AB-C1C7-44C7-A228-93D30659ED25}"
EndProject
Project("{FAE04EC0-301F-11D3-BF4B-00C04F79EFBC}") = "Pineapple.Infrastructure.DataAccess.InMemory", "Pineapple.Infrastructure.DataAccess.InMemory\Pineapple.Infrastructure.DataAccess.InMemory.csproj", "{FE48163A-3FAB-4166-BB0F-0CD8FCC0CD25}"
EndProject
Project("{2150E333-8FDC-42A3-9474-1A3956D46DE8}") = "test", "test", "{26DD993D-A52D-48EB-826F-511445D8403A}"
EndProject
Project("{FAE04EC0-301F-11D3-BF4B-00C04F79EFBC}") = "Pineapple.UnitTests", "Pineapple.UnitTests\Pineapple.UnitTests.csproj", "{4143EC9C-4A9F-4622-A3C7-FB8221A7F85F}"
EndProject
Global
	GlobalSection(SolutionConfigurationPlatforms) = preSolution
		Debug|Any CPU = Debug|Any CPU
		Release|Any CPU = Release|Any CPU
	EndGlobalSection
	GlobalSection(ProjectConfigurationPlatforms) = postSolution
		{7415254B-8957-466C-807F-549B8AADDE4A}.Debug|Any CPU.ActiveCfg = Debug|Any CPU
		{7415254B-8957-466C-807F-549B8AADDE4A}.Debug|Any CPU.Build.0 = Debug|Any CPU
		{7415254B-8957-466C-807F-549B8AADDE4A}.Release|Any CPU.ActiveCfg = Release|Any CPU
		{7415254B-8957-466C-807F-549B8AADDE4A}.Release|Any CPU.Build.0 = Release|Any CPU
		{603B9462-86D7-4C95-8519-FB30781D6044}.Debug|Any CPU.ActiveCfg = Debug|Any CPU
		{603B9462-86D7-4C95-8519-FB30781D6044}.Debug|Any CPU.Build.0 = Debug|Any CPU
		{603B9462-86D7-4C95-8519-FB30781D6044}.Release|Any CPU.ActiveCfg = Release|Any CPU
		{603B9462-86D7-4C95-8519-FB30781D6044}.Release|Any CPU.Build.0 = Release|Any CPU
		{B1FCE401-140B-4D1B-9D7F-C68A2B9231FF}.Debug|Any CPU.ActiveCfg = Debug|Any CPU
		{B1FCE401-140B-4D1B-9D7F-C68A2B9231FF}.Debug|Any CPU.Build.0 = Debug|Any CPU
		{B1FCE401-140B-4D1B-9D7F-C68A2B9231FF}.Release|Any CPU.ActiveCfg = Release|Any CPU
		{B1FCE401-140B-4D1B-9D7F-C68A2B9231FF}.Release|Any CPU.Build.0 = Release|Any CPU
		{FE48163A-3FAB-4166-BB0F-0CD8FCC0CD25}.Debug|Any CPU.ActiveCfg = Debug|Any CPU
		{FE48163A-3FAB-4166-BB0F-0CD8FCC0CD25}.Debug|Any CPU.Build.0 = Debug|Any CPU
		{FE48163A-3FAB-4166-BB0F-0CD8FCC0CD25}.Release|Any CPU.ActiveCfg = Release|Any CPU
		{FE48163A-3FAB-4166-BB0F-0CD8FCC0CD25}.Release|Any CPU.Build.0 = Release|Any CPU
		{4143EC9C-4A9F-4622-A3C7-FB8221A7F85F}.Debug|Any CPU.ActiveCfg = Debug|Any CPU
		{4143EC9C-4A9F-4622-A3C7-FB8221A7F85F}.Debug|Any CPU.Build.0 = Debug|Any CPU
		{4143EC9C-4A9F-4622-A3C7-FB8221A7F85F}.Release|Any CPU.ActiveCfg = Release|Any CPU
		{4143EC9C-4A9F-4622-A3C7-FB8221A7F85F}.Release|Any CPU.Build.0 = Release|Any CPU
	EndGlobalSection
	GlobalSection(NestedProjects) = preSolution
		{603B9462-86D7-4C95-8519-FB30781D6044} = {F841A5AB-C1C7-44C7-A228-93D30659ED25}
		{B1FCE401-140B-4D1B-9D7F-C68A2B9231FF} = {F841A5AB-C1C7-44C7-A228-93D30659ED25}
		{7415254B-8957-466C-807F-549B8AADDE4A} = {F841A5AB-C1C7-44C7-A228-93D30659ED25}
		{FE48163A-3FAB-4166-BB0F-0CD8FCC0CD25} = {F841A5AB-C1C7-44C7-A228-93D30659ED25}
		{4143EC9C-4A9F-4622-A3C7-FB8221A7F85F} = {26DD993D-A52D-48EB-826F-511445D8403A}
	EndGlobalSection
EndGlobal
